
Microsoft Visual Studio Solution File, Format Version 12.00
# Visual Studio Version 16
VisualStudioVersion = 25.0.1704.2
MinimumVisualStudioVersion = 10.0.40219.1
Project("{FAE04EC0-301F-11D3-BF4B-00C04F79EFBC}") = "ConsoleProyect", "ConsoleProyect\ConsoleProyect.csproj", "{C96A1799-54C8-4DC5-BEBA-F074B5E27999}"
EndProject
Global
	GlobalSection(SolutionConfigurationPlatforms) = preSolution
		Debug|Any CPU = Debug|Any CPU
		Release|Any CPU = Release|Any CPU
	EndGlobalSection
	GlobalSection(ProjectConfigurationPlatforms) = postSolution
		{C96A1799-54C8-4DC5-BEBA-F074B5E27999}.Debug|Any CPU.ActiveCfg = Debug|Any CPU
		{C96A1799-54C8-4DC5-BEBA-F074B5E27999}.Debug|Any CPU.Build.0 = Debug|Any CPU
		{C96A1799-54C8-4DC5-BEBA-F074B5E27999}.Release|Any CPU.ActiveCfg = Release|Any CPU
		{C96A1799-54C8-4DC5-BEBA-F074B5E27999}.Release|Any CPU.Build.0 = Release|Any CPU
	EndGlobalSection
	GlobalSection(SolutionProperties) = preSolution
		HideSolutionNode = FALSE
	EndGlobalSection
	GlobalSection(ExtensibilityGlobals) = postSolution
		SolutionGuid = {87C8F9AE-C873-4FE9-AAC2-F297E8936E58}
	EndGlobalSection
EndGlobal
